version = 1
revision = 3
requires-python = ">=3.12"

[[package]]
name = "astroid"
version = "4.3.3"
source = { registry = "https://pypi.org/simple" }
sdist = { url = "https://files.pythonhosted.org/packages/8d/7e/7c85d2b8549730e089bd984678a7efb64c510a5f09b4f0d9987a8354a80c/astroid-4.3.3.tar.gz", hash = "sha256:d03854b09d92c08e18d8e7d9185d393961186ed0747136d8fcb2d1c008a504ec", size = 441522, upload-time = "2026-09-30T06:03:04.601Z" }
wheels = [
    { url = "https://files.pythonhosted.org/packages/23/be/54ffbdd679e2ea9f36f1923edd867c39fc1190b3810f111c8282a3f0b608/astroid-4.3.3-py3-none-any.whl", hash = "sha256:366c99c2907b6407869b1bbfd8abb10f3aea5818309e9c93c9b9c93ecf14bc4f", size = 287404, upload-time = "2026-09-30T06:03:02.038Z" },
]

[[package]]
name = "colorama"
version = "0.4.6"
source = { registry = "https://pypi.org/simple" }
sdist = { url = "https://files.pythonhosted.org/packages/d8/53/6f443c9a4a8358a93a6792e2acffb9d9d5cb0a5cfd8802644b7b1c9a02e4/colorama-0.4.6.tar.gz", hash = "sha256:08695f5cb7ed6e0531a20572697297273c47b8cae5a63ffc6d6ed5c201be6e44", size = 27697, upload-time = "2022-10-25T02:36:22.414Z" }
wheels = [
    { url = "https://files.pythonhosted.org/packages/d1/d6/3965ed04c63042e047cb6a3e6ed1a63a35087b6a609aa3a15ed8ac56c221/colorama-0.4.6-py2.py3-none-any.whl", hash = "sha256:4f1d9991f5acc0ca119f9d443620b77f9d6b33703e51011c16baf57afb285fc6", size = 25335, upload-time = "2022-10-25T02:36:20.889Z" },
]

[[package]]
name = "dill"
version = "0.4.1"
source = { registry = "https://pypi.org/simple" }
sdist = { url = "https://files.pythonhosted.org/packages/81/e1/56027a71e31b02ddc53c7d65b01e68edf64dea2932122fe7746a516f75d5/dill-0.4.1.tar.gz", hash = "sha256:423092df4182177d4d8ba8290c8a5b640c66ab35ec7da59ccfa00f6fa3eea5fa", size = 187315, upload-time = "2026-01-19T02:36:56.85Z" }
wheels = [
    { url = "https://files.pythonhosted.org/packages/1e/77/dc8c558f7593132cf8fefec57c4f60c83b16941c574ac5f619abb3ae7933/dill-0.4.1-py3-none-any.whl", hash = "sha256:1e1ce33e978ae97fcfcff5638477032b801c46c7c65cf717f95fbc2248f79a9d", size = 120019, upload-time = "2026-01-19T02:36:55.663Z" },
]

[[package]]
name = "isort"
version = "9.0.2"
source = { registry = "https://pypi.org/simple" }
dependencies = [
    { name = "mypy-extensions" },
]
sdist = { url = "https://files.pythonhosted.org/packages/da/cf/068066b8fdab91cd40bcd63e483137908710a3d25a4d3a01b538be45d9d6/isort-9.0.2.tar.gz", hash = "sha256:d2298980ce44350f11d9d24c8150eaef1883431ec203dddbb4e9b5c3ceb54c70", size = 685196, upload-time = "2026-09-28T19:21:58.07Z" }
wheels = [
    { url = "https://files.pythonhosted.org/packages/41/c3/3cd3e0f66af21e1bf917f50b45d3389de3d9a25661f2e7f74e51c7fb37a8/isort-9.0.2-cp312-cp312-macosx_11_0_arm64.whl", hash = "sha256:a05dc63cb6ae2a8e62ec4184153f424b1650593e00a24e6138184c46193891e9", size = 1062138, upload-time = "2026-09-28T19:21:11.782Z" },
    { url = "https://files.pythonhosted.org/packages/ab/36/512c41f0d9f4c2a61d56d383db21d42a9b82b4f768827f7e852139d14123/isort-9.0.2-cp312-cp312-manylinux2014_x86_64.manylinux_2_17_x86_64.manylinux_2_28_x86_64.whl", hash = "sha256:af8be0b5cac101202c8255360e5de832ebbb84b2e863dc0f65dbb1a3d63dd40a", size = 1680120, upload-time = "2026-09-28T19:21:13.474Z" },
    { url = "https://files.pythonhosted.org/packages/84/6f/44fa0de7eb71d576d08d0ad3a1d5d401d6cc0c4f908d76159c52b690e6de/isort-9.0.2-cp312-cp312-musllinux_1_2_x86_64.whl", hash = "sha256:3fe693c1e56781de387a6c206306e9e5e560cfeb4acdfd85f0c46122afd48792", size = 1669955, upload-time = "2026-09-28T19:21:15.095Z" },
    { url = "https://files.pythonhosted.org/packages/b1/cc/89e9a499612665321a1f05e3bb1f4ff6f99e170568cff5c0162bd5d82ae6/isort-9.0.2-cp312-cp312-win_amd64.whl", hash = "sha256:f7a9efeb3689c7327a0d637eb4e12691e8d5ab1297caee997b144dc595ccb93f", size = 880360, upload-time = "2026-09-28T19:21:16.534Z" },
    { url = "https://files.pythonhosted.org/packages/99/44/b51a78a2aee3bc14b91d5f071aea2fe35d9acde5f65f0ac5cb77800616a3/isort-9.0.2-cp313-cp313-macosx_11_0_arm64.whl", hash = "sha256:f65ff614632ddc3306c40f619717b3b3ca69938ffee21d97110056d52472c79a", size = 1038192, upload-time = "2026-09-28T19:21:18.25Z" },
    { url = "https://files.pythonhosted.org/packages/28/54/0ac6f7cf254c29bde0832dc655b0327d84752c4511f9f56fbd0778251542/isort-9.0.2-cp313-cp313-manylinux2014_x86_64.manylinux_2_17_x86_64.manylinux_2_28_x86_64.whl", hash = "sha256:e5f11c7ccd5f079ac0431fe52c7b38ea5d9f4e31a1889746de81dac0e7b0a766", size = 1670286, upload-time = "2026-09-28T19:21:19.895Z" },
    { url = "https://files.pythonhosted.org/packages/65/0c/22a3f073415110f95a9fcfd9aaee72144545c66e5fd99a3ed15c8634e8f1/isort-9.0.2-cp313-cp313-musllinux_1_2_x86_64.whl", hash = "sha256:810561edf6f1f5f3600f02aa709603a4360d5290c5fff2ae4b370090dd1a5445", size = 1660662, upload-time = "2026-09-28T19:21:21.599Z" },
    { url = "https://files.pythonhosted.org/packages/5f/da/c357996945d7fcd653281e2b53cf5f16ec7c540d86bac045581ecff5ed63/isort-9.0.2-cp313-cp313-pyemscripten_2025_0_wasm32.whl", hash = "sha256:e2636222848a48cadbd712280058b5da19fa147c501132e04a486a5bddcc9e28", size = 465149, upload-time = "2026-09-28T19:21:23.392Z" },
    { url = "https://files.pythonhosted.org/packages/99/fc/3f477cb8ac91b116773bd0682d072c0bcf2bcf5d77ee288c1e46a95b0c8a/isort-9.0.2-cp313-cp313-win_amd64.whl", hash = "sha256:71870ac3b1afdf3c259b8404c05076d3ab874122fec6f78339f1c92d2c29b012", size = 884875, upload-time = "2026-09-28T19:21:25.403Z" },
    { url = "https://files.pythonhosted.org/packages/53/25/b0dae3025157f020d9010bc126120e703b50ed74ebfb5ca56be81e064d0c/isort-9.0.2-cp314-cp314-macosx_11_0_arm64.whl", hash = "sha256:bd8c4fb9829a5e7117d9f71f540ff1e8caafb471e574012057ce6dc35fda2d7b", size = 1039110, upload-time = "2026-09-28T19:21:27.024Z" },
    { url = "https://files.pythonhosted.org/packages/7e/da/f97a4905cf8212c31d584f0222ae8b1deed391e42db910e8e908eb89002e/isort-9.0.2-cp314-cp314-manylinux2014_x86_64.manylinux_2_17_x86_64.manylinux_2_28_x86_64.whl", hash = "sha256:6eb3e714d64de6eba78ee29051f7fc80613c74e90c6f54f84082f59c429c0a0b", size = 1674555, upload-time = "2026-09-28T19:21:28.645Z" },
    { url = "https://files.pythonhosted.org/packages/90/f4/df11f0de3a2796ef1a74071d1331158b67961770c8066850d60f362ba7cc/isort-9.0.2-cp314-cp314-musllinux_1_2_x86_64.whl", hash = "sha256:bf3ef0a91974f29f406e25eef0e04781fd5c2254b8ab55e7655b20d8cd7c5514", size = 1666034, upload-time = "2026-09-28T19:21:30.35Z" },
    { url = "https://files.pythonhosted.org/packages/15/f0/0007f037135659de11f6ef29563b75c8080eeb51d67f37e82128d66613dc/isort-9.0.2-cp314-cp314-pyemscripten_2026_0_wasm32.whl", hash = "sha256:cd1e0e5e61497e95a4e5be269088e6a1013f530aeccf6ebd6134f403285ecd63", size = 464424, upload-time = "2026-09-28T19:21:31.98Z" },
    { url = "https://files.pythonhosted.org/packages/ae/5c/f64d0cc97abbdf6f7902b0e38171e5101842ba75ac22212fd6d254156bb3/isort-9.0.2-cp314-cp314-win_amd64.whl", hash = "sha256:11da67a30f5a88383c71db075488ca3d081f427f53368f90bb1d74e958a9b040", size = 903922, upload-time = "2026-09-28T19:21:33.412Z" },
    { url = "https://files.pythonhosted.org/packages/14/8a/c0bdd165c6cfcb7c87b3acdee5ebc03e10da5317482017084cdf92a2a076/isort-9.0.2-cp314-cp314t-macosx_11_0_arm64.whl", hash = "sha256:f7c2fa33e1c9fbcf9fd639997e4550515c0b712b52ed70a059124a5247825480", size = 1106274, upload-time = "2026-09-28T19:21:35.13Z" },
    { url = "https://files.pythonhosted.org/packages/b9/ec/4ab29f699d58baa7c00840bc66328ce8f06be31cd36250aef8d4f71bd24e/isort-9.0.2-cp314-cp314t-manylinux2014_x86_64.manylinux_2_17_x86_64.manylinux_2_28_x86_64.whl", hash = "sha256:85e859fd72e50c27306d05185f9472ed97fae9e1cce91c0e891260d16f2ecece", size = 1887727, upload-time = "2026-09-28T19:21:37.015Z" },
    { url = "https://files.pythonhosted.org/packages/bc/ec/12f58041288e08c35dc9a719108482c2c599b157ce0913454d57d32c7b5c/isort-9.0.2-cp314-cp314t-musllinux_1_2_x86_64.whl", hash = "sha256:2a960e4252ac5b00f78adc0f731529e122657ee642e650896b36e1ff83028023", size = 1905479, upload-time = "2026-09-28T19:21:38.789Z" },
    { url = "https://files.pythonhosted.org/packages/56/ea/69fd476d07e5dddea5b41d6b3adfad4d2f5d251362f2fb594f2cfd0f5308/isort-9.0.2-cp314-cp314t-win_amd64.whl", hash = "sha256:91b60ce3d96fcb0730d61fc5ab84ee5b56d676fbb92550f7ea333f58778f2f20", size = 928154, upload-time = "2026-09-28T19:21:40.745Z" },
    { url = "https://files.pythonhosted.org/packages/93/93/ed3f1894ec261381abbdc22a3216fa86ad8fb2ec5f5d1f414f1d56c94ffe/isort-9.0.2-cp315-cp315-macosx_11_0_arm64.whl", hash = "sha256:aa810daf72ff5d8ade462b2190dad9c0e16d6d428a3f9aea210f14cca2487d58", size = 1038495, upload-time = "2026-09-28T19:21:42.41Z" },
    { url = "https://files.pythonhosted.org/packages/2c/fd/4a911a73beb68a746a2f827a842f71030c3118a056585400023e37b5c8ec/isort-9.0.2-cp315-cp315-manylinux2014_x86_64.manylinux_2_17_x86_64.manylinux_2_28_x86_64.whl", hash = "sha256:8dde4e2d9cfb35390437353f0861ec41378f91ff958d8cd3051fb95cae59315a", size = 1686028, upload-time = "2026-09-28T19:21:44.107Z" },
    { url = "https://files.pythonhosted.org/packages/7e/3e/6fb9ab0f5a89e174d45ae2809970fcb908f2b261e1b77993101e52a20869/isort-9.0.2-cp315-cp315-musllinux_1_2_x86_64.whl", hash = "sha256:4315e23e701bb1fcdfd364da59da61d78c3332c554318b7eb635ea3924d24c5e", size = 1675313, upload-time = "2026-09-28T19:21:45.6Z" },
    { url = "https://files.pythonhosted.org/packages/74/a2/e73c430847408ae900bf0fb7627daa87e939c80c2f0713fb9a163ec48663/isort-9.0.2-cp315-cp315-pyemscripten_2026_5_wasm32.whl", hash = "sha256:1c134ef9d94943eae14bf31c634db1904dd875e6e7280a60baee10ca06132db6", size = 464361, upload-time = "2026-09-28T19:21:47.142Z" },
    { url = "https://files.pythonhosted.org/packages/08/29/236939344dc87499299f36469527fc01a516a51abcf0d82ba5b7644f5966/isort-9.0.2-cp315-cp315-win_amd64.whl", hash = "sha256:d4da51a99dfd00e5c51e507ed91ebad6aafd44dc65135c17e2ef37355cd9fa98", size = 904023, upload-time = "2026-09-28T19:21:48.583Z" },
    { url = "https://files.pythonhosted.org/packages/ff/ec/14dfd5e8e20a1500043d50053d899527c742dcebeaba2fb2633abfad2ec1/isort-9.0.2-cp315-cp315t-macosx_11_0_arm64.whl", hash = "sha256:16436aefeebe3aa2d5d7ae1ca895b2278f770fc4a41d95c22569a30f7413ec45", size = 1105456, upload-time = "2026-09-28T19:21:50.162Z" },
    { url = "https://files.pythonhosted.org/packages/5a/f7/c0e4d16a17f742b459397be8570af4edce4173e91d64ccf16c1ecd7826d8/isort-9.0.2-cp315-cp315t-manylinux2014_x86_64.manylinux_2_17_x86_64.manylinux_2_28_x86_64.whl", hash = "sha256:a36f30b6b85d9726f79c7623d35f3e966d5d7d9d0a005af91ba19988fccd038b", size = 1874501, upload-time = "2026-09-28T19:21:51.786Z" },
    { url = "https://files.pythonhosted.org/packages/c3/98/226855cb96275e7df63167ed8fae3b65e0c94e38c9d63a6a80458da919b1/isort-9.0.2-cp315-cp315t-musllinux_1_2_x86_64.whl", hash = "sha256:d03c68e9d0a83b51ed381d04b0919f2d918fb66c1ca1766761157ff44149366f", size = 1890469, upload-time = "2026-09-28T19:21:53.42Z" },
    { url = "https://files.pythonhosted.org/packages/bb/e5/3a1c4748483a05533a065b49dcf64039a68162e84175e08d1d70db7e7413/isort-9.0.2-cp315-cp315t-win_amd64.whl", hash = "sha256:29669ea6c410528ffe3b632a41835757f08282257e4ddac892a5e6d01bd35201", size = 927256, upload-time = "2026-09-28T19:21:55.063Z" },
    { url = "https://files.pythonhosted.org/packages/8b/c9/0849e74b868ef10312eecfc24278710e97dd14bc49c1df629d7df142d318/isort-9.0.2-py3-none-any.whl", hash = "sha256:6c29deeb39698a8717823b7f75b2ac58c5e8ab8dcf6cf31205a72a6617fb454e", size = 105052, upload-time = "2026-09-28T19:21:56.512Z" },
]

[[package]]
name = "mccabe"
version = "0.7.0"
source = { registry = "https://pypi.org/simple" }
sdist = { url = "https://files.pythonhosted.org/packages/e7/ff/0ffefdcac38932a54d2b5eed4e0ba8a408f215002cd178ad1df0f2806ff8/mccabe-0.7.0.tar.gz", hash = "sha256:348e0240c33b60bbdf4e523192ef919f28cb2c3d7d5c7794f74009290f236325", size = 9658, upload-time = "2022-01-24T01:14:51.113Z" }
wheels = [
    { url = "https://files.pythonhosted.org/packages/27/1a/1f68f9ba0c207934b35b86a8ca3aad8395a3d6dd7921c0686e23853ff5a9/mccabe-0.7.0-py2.py3-none-any.whl", hash = "sha256:6c2d30ab6be0e4a46919781807b4f0d834ebdd6c6e3dca0bda5a15f863427b6e", size = 7350, upload-time = "2022-01-24T01:14:49.62Z" },
]

[[package]]
name = "mypy-extensions"
version = "1.1.0"
source = { registry = "https://pypi.org/simple" }
sdist = { url = "https://files.pythonhosted.org/packages/a2/6e/371856a3fb9d31ca8dac321cda606860fa4548858c0cc45d9d1d4ca2628b/mypy_extensions-1.1.0.tar.gz", hash = "sha256:52e68efc3284861e772bbcd66823fde5ae21fd2fdb51c62a211403730b916558", size = 6343, upload-time = "2025-04-22T14:54:24.164Z" }
wheels = [
    { url = "https://files.pythonhosted.org/packages/79/7b/2c79738432f5c924bef5071f933bcc9efd0473bac3b4aa584a6f7c1c8df8/mypy_extensions-1.1.0-py3-none-any.whl", hash = "sha256:1be4cccdb0f2482337c4743e60421de3a356cd97508abadd57d47403e94f5505", size = 4963, upload-time = "2025-04-22T14:54:22.983Z" },
]

[[package]]
name = "platformdirs"
version = "4.12.3"
source = { registry = "https://pypi.org/simple" }
sdist = { url = "https://files.pythonhosted.org/packages/42/23/4a86fc741c38c5b69792a4ef954b281afa69bea9f083f881de1b0d23bc07/platformdirs-4.12.3.tar.gz", hash = "sha256:427fc0bb321ae0c5b037fa03238ca74820437be162e78b4848c4d4055b9b766c", size = 59538, upload-time = "2026-10-03T23:40:46.595Z" }
wheels = [
    { url = "https://files.pythonhosted.org/packages/c5/9b/6ce1ead737fe496611bda600c263b9a11ae7bd8f41bb13f9bd7e0a2c37a4/platformdirs-4.12.3-py3-none-any.whl", hash = "sha256:080f3b39423b5abfca9a23d84c4e9795f54d395cd8459867a8ded44084fcd5f8", size = 32493, upload-time = "2026-10-03T23:40:45.104Z" },
]

[[package]]
name = "pylint"
version = "4.1.2"
source = { registry = "https://pypi.org/simple" }
dependencies = [
    { name = "astroid" },
    { name = "colorama", marker = "sys_platform == 'win32'" },
    { name = "dill" },
    { name = "isort" },
    { name = "mccabe" },
    { name = "platformdirs" },
    { name = "tomlkit" },
]
sdist = { url = "https://files.pythonhosted.org/packages/19/3c/be4bb2d62e3d1bee3f3aa14af5b294813ad53351cacb3b03fbaf3f851e03/pylint-4.1.2.tar.gz", hash = "sha256:235f13dc418c0041c649b42a5c35c99f2ffc6ca8b6a7574958eac5335906a68a", size = 1739885, upload-time = "2026-10-02T22:49:42.64Z" }
wheels = [
    { url = "https://files.pythonhosted.org/packages/90/61/b76698429225f848921f4d620f5c7b16f616daf53f99cc25afd1c86496fc/pylint-4.1.2-py3-none-any.whl", hash = "sha256:e34c8636edc7d60a2eaadca4ad6c18a49e202361987a26e81b2a17fa92be28e1", size = 585512, upload-time = "2026-10-02T22:49:40.451Z" },
]

[[package]]
name = "ruff"
version = "0.16.10"
source = { registry = "https://pypi.org/simple" }
sdist = { url = "https://files.pythonhosted.org/packages/c4/49/23802c45f093eb14bde54b141d2b2f058edfa63a06db7beed047308cc08f/ruff-0.16.10.tar.gz", hash = "sha256:eff4728c4eaae93f0955cd264d24b2ab348e74bf59986ccf282ba6dc16b3b017", size = 4958724, upload-time = "2026-10-01T18:03:21.697Z" }
wheels = [
    { url = "https://files.pythonhosted.org/packages/2f/21/ebce22e1d90cdb2cd691026b9c6e9bec6499f0b396089481755b5d49efff/ruff-0.16.10-py3-none-linux_armv6l.whl", hash = "sha256:488b0fe3f3574210e5cf80d9f59b9e3ab17a127a8155de3f307b392589cfb511", size = 10095557, upload-time = "2026-10-01T18:02:36.072Z" },
    { url = "https://files.pythonhosted.org/packages/cb/98/a54de85876a8b2612bfa0d84c7b9abfb39c6a3354aee7800b09c1649b9e3/ruff-0.16.10-py3-none-macosx_10_12_x86_64.whl", hash = "sha256:e748ff95c934c4e978783b8e687bc174e7bd84e8ad24e3243e1ecfcda5e0282d", size = 10340577, upload-time = "2026-10-01T18:02:39.258Z" },
    { url = "https://files.pythonhosted.org/packages/9f/16/1a5a4a2657effe4806110f2b907313802f1367fcdbb29e8122766e407fab/ruff-0.16.10-py3-none-macosx_11_0_arm64.whl", hash = "sha256:3031a4a2e8e7b8a46f70be45f198c35a11ece509a94b80334d8d397a33c67550", size = 9774282, upload-time = "2026-10-01T18:02:41.79Z" },
    { url = "https://files.pythonhosted.org/packages/6e/fb/470085af734da396e68cd80fb0a3e7c109a459716ae59588c0f6fab8a17d/ruff-0.16.10-py3-none-manylinux_2_17_aarch64.manylinux2014_aarch64.whl", hash = "sha256:494401c86df4c4c25f69b9419605d944467ee98c42fb6ad405ef4fa40b8fb67d", size = 9920895, upload-time = "2026-10-01T18:02:44.458Z" },
    { url = "https://files.pythonhosted.org/packages/57/de/f10cffe4f88a37ea6615ec460f01bf76f0bc1477737a35d9ee61a630a78b/ruff-0.16.10-py3-none-manylinux_2_17_armv7l.manylinux2014_armv7l.whl", hash = "sha256:d203abc0ff2b773ee33d00ab8df0bb67046fbc7c07b119332f08b9b345cf8221", size = 9902707, upload-time = "2026-10-01T18:02:47.041Z" },
    { url = "https://files.pythonhosted.org/packages/ff/44/3fdcedf83ae60ef837dd239170e480dce606a9142cfa2db911afdf855fd9/ruff-0.16.10-py3-none-manylinux_2_17_i686.manylinux2014_i686.whl", hash = "sha256:bd83d1235a5258d318477bc5b576303974cbdef5df0c01a1bff14efcc23bd12a", size = 10619287, upload-time = "2026-10-01T18:02:49.485Z" },
    { url = "https://files.pythonhosted.org/packages/c1/62/02e76a5574002153618eafbb70e159468addc72a5d2c488e65cbb4639d2d/ruff-0.16.10-py3-none-manylinux_2_17_ppc64le.manylinux2014_ppc64le.whl", hash = "sha256:bc2610fb269fa56dd8a68669ae470fa6272902668c0fc2ebc3aa112b2633d5b8", size = 11339942, upload-time = "2026-10-01T18:02:52.008Z" },
    { url = "https://files.pythonhosted.org/packages/6b/c4/cde27d47ad8d4126c587e608c67c46e7feac11763f606d261a1bc8a489e6/ruff-0.16.10-py3-none-manylinux_2_17_s390x.manylinux2014_s390x.whl", hash = "sha256:3e70175e29cc94c26ea296c80e470180b744b7419026898e58f520c6ab32578e", size = 10934316, upload-time = "2026-10-01T18:02:54.811Z" },
    { url = "https://files.pythonhosted.org/packages/e4/03/17234145f302a645a123e8c3bb2411ecf4669fbc350de3b0d803230a1729/ruff-0.16.10-py3-none-manylinux_2_17_x86_64.manylinux2014_x86_64.whl", hash = "sha256:f33f43a864a8483eebd160e713336c8bab02c934feaff0a33cf5ccb41546d09a", size = 10387968, upload-time = "2026-10-01T18:02:57.497Z" },
    { url = "https://files.pythonhosted.org/packages/71/29/2493af60240ee7644b38a4b821f5f9c3b5a4fa3178770fe1d0c685217395/ruff-0.16.10-py3-none-manylinux_2_31_riscv64.whl", hash = "sha256:1dfc6f0088149fb6a362c1c446bcbb3fd2157b3852fe2fa68409276eab9ad9b3", size = 10537906, upload-time = "2026-10-01T18:03:00.006Z" },
    { url = "https://files.pythonhosted.org/packages/2e/9a/f56b28f3b143bb9e518c34fb89ab191b626bca8b70dbf8af0d2e2d473572/ruff-0.16.10-py3-none-musllinux_1_2_aarch64.whl", hash = "sha256:6553498afc35f580f036030795810b9e6bcea31604b0fd9e8d352795473042e3", size = 10012938, upload-time = "2026-10-01T18:03:03.006Z" },
    { url = "https://files.pythonhosted.org/packages/c2/c4/fca37362848ea4d4d80712df13632e645e7c7cfb1bdedf140699ac7a090b/ruff-0.16.10-py3-none-musllinux_1_2_armv7l.whl", hash = "sha256:a3b8471dea115d37f123882be852bed13403746d3a76c11de4a19ec5f9ff5a03", size = 9897945, upload-time = "2026-10-01T18:03:05.818Z" },
    { url = "https://files.pythonhosted.org/packages/7d/c7/e0bc57664d6e0c61fd22f620af260fe9662d7e1ddb320ea7f160e76ef165/ruff-0.16.10-py3-none-musllinux_1_2_i686.whl", hash = "sha256:92e59a70bcbd9d3a5483656da906ec28edfdacfce00afd99edb8b4e9d15644be", size = 10333134, upload-time = "2026-10-01T18:03:08.25Z" },
    { url = "https://files.pythonhosted.org/packages/21/aa/5c9f3b68737c0e4a33a1db5dfab44f7b786d96ca91a7233112ddab1e6dc2/ruff-0.16.10-py3-none-musllinux_1_2_x86_64.whl", hash = "sha256:7ae7375f803b5520dc9f546bed7e3a0acb70b91812e9bb4b19927de22f25b77d", size = 10741702, upload-time = "2026-10-01T18:03:10.775Z" },
    { url = "https://files.pythonhosted.org/packages/78/fa/0f9c2020dc316c53d983be011720b8157cc052b97e3f4dfa7db6d0f880a6/ruff-0.16.10-py3-none-win32.whl", hash = "sha256:2a12e01cb9156c10c466f63b46eaae5ecea28dfbd21b5836353ae498e7d1349a", size = 10139176, upload-time = "2026-10-01T18:03:13.267Z" },
    { url = "https://files.pythonhosted.org/packages/99/29/cfb0df9448d4d4ad48c2de029ada9ebd71baa6da983a6c77ee6c6cd0fe82/ruff-0.16.10-py3-none-win_amd64.whl", hash = "sha256:97f2015c92aa97105b0eab19eb5d224884399281cfc5da86a92db4ab5e7fb2ca", size = 10584734, upload-time = "2026-10-01T18:03:16.006Z" },
    { url = "https://files.pythonhosted.org/packages/fc/05/c16957eb287c3fc062e032619a25868d93d408a844b725bcf514f7a378ff/ruff-0.16.10-py3-none-win_arm64.whl", hash = "sha256:25a65fe998c4e6861ec079ada5826a2fc605e6cbccbe9dcd7fac1f54e791621b", size = 10366440, upload-time = "2026-10-01T18:03:19.04Z" },
]

[[package]]
name = "blog-taskless-ty"
version = "0.1.0"
source = { virtual = "." }

[package.dev-dependencies]
dev = [
    { name = "pylint" },
    { name = "ruff" },
    { name = "ty" },
]

[package.metadata]

[package.metadata.requires-dev]
dev = [
    { name = "pylint", specifier = "==4.1.2" },
    { name = "ruff", specifier = "==0.16.10" },
    { name = "ty", specifier = "==0.0.84" },
]

[[package]]
name = "tomlkit"
version = "0.15.1"
source = { registry = "https://pypi.org/simple" }
sdist = { url = "https://files.pythonhosted.org/packages/94/96/e07752635b98536177fa1f37671c8f3cdde2e724c6bcf6034b2cfb571565/tomlkit-0.15.1.tar.gz", hash = "sha256:e25bbf38843005246210a12982776f27f99cb9be67160e14434d0c0d21ee1e97", size = 180129, upload-time = "2026-07-17T01:48:04.562Z" }
wheels = [
    { url = "https://files.pythonhosted.org/packages/13/bc/8c13eb66537dce1d2bd3a57132902f38d0e7f5bb46fa9f4daed9fe9d76ee/tomlkit-0.15.1-py3-none-any.whl", hash = "sha256:177a05aece5a8ca5266fd3c448abb47b8d352f09d477d3ca8332db4d89b24304", size = 49449, upload-time = "2026-07-17T01:48:05.728Z" },
]

[[package]]
name = "ty"
version = "0.0.84"
source = { registry = "https://pypi.org/simple" }
sdist = { url = "https://files.pythonhosted.org/packages/e1/f6/34f8869c45ea87fe6a931ffa824b1fe4428167173543d92988d631add355/ty-0.0.84.tar.gz", hash = "sha256:0cefdb0cd5d399418dbe83c349ba605047b7dff815ae6f460c80e8522b40be67", size = 7409537, upload-time = "2026-09-24T13:16:24.367Z" }
wheels = [
    { url = "https://files.pythonhosted.org/packages/aa/0c/600648778e1c79133ce6b6a5c4c2531ae16b90c9b30f5041b38b574f61b8/ty-0.0.84-py3-none-linux_armv6l.whl", hash = "sha256:868438e2b9abfc835dd5b5b07ed693db95d8348ac40e3228252511d63ae87695", size = 13935333, upload-time = "2026-09-24T13:15:31.167Z" },
    { url = "https://files.pythonhosted.org/packages/c5/3b/27f06f49945c36170765fad82076898039ae3873338e9865f876dd62f12c/ty-0.0.84-py3-none-macosx_10_12_x86_64.whl", hash = "sha256:b00f39b521f0b559cde0f6abf8dd47213b513b04f33d58efeb9b98486a16bb17", size = 13511328, upload-time = "2026-09-24T13:15:34.446Z" },
    { url = "https://files.pythonhosted.org/packages/fc/b6/b12dd130e7f30141f0645614f454c925991cd389b1cc6c8284fd6bf32326/ty-0.0.84-py3-none-macosx_11_0_arm64.whl", hash = "sha256:8f78c2915567f2ee62ce0c24d86091bc76f81577677755e242d09951db588b9a", size = 13445445, upload-time = "2026-09-24T13:15:37.476Z" },
    { url = "https://files.pythonhosted.org/packages/44/96/f012de4b3c1d9a4773326621380d768b4d48c47e620dc012775c5e01c7d7/ty-0.0.84-py3-none-manylinux_2_17_aarch64.manylinux2014_aarch64.whl", hash = "sha256:61155cad0921e890d86d1d911a40b3a0e924ef4bdc3b4f3865a6c89c7e3012dc", size = 13471235, upload-time = "2026-09-24T13:15:40.64Z" },
    { url = "https://files.pythonhosted.org/packages/05/32/dca630f5f5353fa7bf67eebccf1549df99b16656d21071d0df6677c826a5/ty-0.0.84-py3-none-manylinux_2_17_armv7l.manylinux2014_armv7l.whl", hash = "sha256:417c3bf14947ed16b0b92976ab333c27915590354e96d4f581709068d3811355", size = 13680704, upload-time = "2026-09-24T13:15:43.817Z" },
    { url = "https://files.pythonhosted.org/packages/44/8d/33702c8f62f05ad45b33644fb914d483de6a0a7bc8e51884e9b8773e6d69/ty-0.0.84-py3-none-manylinux_2_17_i686.manylinux2014_i686.whl", hash = "sha256:e06ef117759f654f5379efe9ae79bda8a186016c016f1023d05c34f8e15c1546", size = 14518923, upload-time = "2026-09-24T13:15:46.802Z" },
    { url = "https://files.pythonhosted.org/packages/c8/a1/da3246e6ef2ae0e842bca4058b25c54bee55ab058ffff4ee54e72517ec01/ty-0.0.84-py3-none-manylinux_2_17_ppc64le.manylinux2014_ppc64le.whl", hash = "sha256:a05d1d53db8b64410ab38c6e32c5898510584869d1d5dd9c0605db81c9aef7df", size = 15027731, upload-time = "2026-09-24T13:15:49.755Z" },
    { url = "https://files.pythonhosted.org/packages/20/17/b0099098a560aeb4f9fde6c912f9a81622c3e44e6555e1fbe322b368ec31/ty-0.0.84-py3-none-manylinux_2_17_s390x.manylinux2014_s390x.whl", hash = "sha256:b92400494ab855cfb1204ac1101e3f53b2d09a8e21d171758b2cf9acdab1809e", size = 14748260, upload-time = "2026-09-24T13:15:52.713Z" },
    { url = "https://files.pythonhosted.org/packages/60/d5/32cd67aedb271f006e716ad093806c96c5d7e2af86be8255469dbd3d76c8/ty-0.0.84-py3-none-manylinux_2_17_x86_64.manylinux2014_x86_64.whl", hash = "sha256:af17eb391ae3027fed9be1780bea555c2b8a25ba68e184c627b4981b2c9eaab7", size = 14205858, upload-time = "2026-09-24T13:15:55.677Z" },
    { url = "https://files.pythonhosted.org/packages/43/c4/638ac62ca2e8eca1b92e3e16273085744fada728b993500819b5c258ca15/ty-0.0.84-py3-none-manylinux_2_31_riscv64.whl", hash = "sha256:44cf06af0e7ec78ea6d8ff33a3450fc19627756a4fba681f7410d4e3ef63047a", size = 14573196, upload-time = "2026-09-24T13:15:59.165Z" },
    { url = "https://files.pythonhosted.org/packages/a6/f6/9ee81c5d8921e5fd5f10889ae563c95cd3272b31df2ada528919ca1cef6b/ty-0.0.84-py3-none-musllinux_1_2_aarch64.whl", hash = "sha256:c6e56b443ff9ba462e34bfbc1e582004c2719ed35f8f93a433744b0ba0afb2d9", size = 13480760, upload-time = "2026-09-24T13:16:02.313Z" },
    { url = "https://files.pythonhosted.org/packages/f6/83/fbe5d1177667ae16d84c3242846b143809c9cc09568b333e5a9b4d5908f6/ty-0.0.84-py3-none-musllinux_1_2_armv7l.whl", hash = "sha256:8b6562fcc48820c1030e2a4509ef2c14ef93043ca4860280074314ac3a825b95", size = 13696346, upload-time = "2026-09-24T13:16:05.391Z" },
    { url = "https://files.pythonhosted.org/packages/86/9a/1b4ac9ddc34cc0ab4624bc219825d66af52f1ad87f4778ad08ad03fa06d5/ty-0.0.84-py3-none-musllinux_1_2_i686.whl", hash = "sha256:dee7421451efcbd70f03e95a8f2c8d9e5ec3d35edcd27b4095ee00ee062abfc4", size = 13959410, upload-time = "2026-09-24T13:16:08.661Z" },
    { url = "https://files.pythonhosted.org/packages/c9/04/70e289437a67dfd686056ab4fd91880261a8233033a6a95d29393741fb97/ty-0.0.84-py3-none-musllinux_1_2_x86_64.whl", hash = "sha256:31e96307cf621babe969307dd657783d672e2d8bdbd06493710da635bf63fa07", size = 14350294, upload-time = "2026-09-24T13:16:11.865Z" },
    { url = "https://files.pythonhosted.org/packages/9c/f4/ae7dbd118425c850981d23efb850f0d9d7f6b8d2b852bde2767434f668b4/ty-0.0.84-py3-none-win32.whl", hash = "sha256:4bdc85f91cbaae35825f2b17bb4ac5de0563367875cb0f42b2bf07a1bf7ff2ba", size = 13176439, upload-time = "2026-09-24T13:16:15.049Z" },
    { url = "https://files.pythonhosted.org/packages/29/ec/994d87252f065dda5a500bc8afc726d18f6582d81d6f4ff1feb8a267c800/ty-0.0.84-py3-none-win_amd64.whl", hash = "sha256:71cc9aa7a7c89d4e12c6a814e9c0c3310ad5bee44efedbd6f5a42d91e9ac0f0d", size = 13962879, upload-time = "2026-09-24T13:16:18.191Z" },
    { url = "https://files.pythonhosted.org/packages/6d/1c/e6e91852b72566b1ab9aca504712857dfb89324c12092a5bd61d42d34427/ty-0.0.84-py3-none-win_arm64.whl", hash = "sha256:6c9d3718c4a0d318bc9c92af9b2aa85c3294e7dff54cf1d69ad79568f56516da", size = 13656453, upload-time = "2026-09-24T13:16:21.51Z" },
]
